// !$*UTF8*$!
{
	archiveVersion = 1;
	classes = {
	};
	objectVersion = 55;
	objects = {

/* Begin PBXBuildFile section */
		0CDEF3192996B2CC00649279 /* Podfile in Resources */ = {isa = PBXBuildFile; fileRef = 0CDEF3182996B2CC00649279 /* Podfile */; };
		0CDEF3222996B39400649279 /* Config.swift in Sources */ = {isa = PBXBuildFile; fileRef = 0CDEF3212996B39400649279 /* Config.swift */; };
		4F51A9E98FFA936151CB71B7 /* Pods_TextTalk.framework in Frameworks */ = {isa = PBXBuildFile; fileRef = 4265D83F51229F729CC73004 /* Pods_TextTalk.framework */; };
		96ADA7532991BA0600648228 /* TextTalkApp.swift in Sources */ = {isa = PBXBuildFile; fileRef = 96ADA7522991BA0600648228 /* TextTalkApp.swift */; };
		96ADA7552991BA0600648228 /* ContentView.swift in Sources */ = {isa = PBXBuildFile; fileRef = 96ADA7542991BA0600648228 /* ContentView.swift */; };
		96ADA7572991BA0A00648228 /* Assets.xcassets in Resources */ = {isa = PBXBuildFile; fileRef = 96ADA7562991BA0A00648228 /* Assets.xcassets */; };
		96ADA75A2991BA0A00648228 /* Preview Assets.xcassets in Resources */ = {isa = PBXBuildFile; fileRef = 96ADA7592991BA0A00648228 /* Preview Assets.xcassets */; };
		96ADA770299329A800648228 /* ContactsView.swift in Sources */ = {isa = PBXBuildFile; fileRef = 96ADA76F299329A800648228 /* ContactsView.swift */; };
		96ADA774299329E500648228 /* ActiveCallView.swift in Sources */ = {isa = PBXBuildFile; fileRef = 96ADA773299329E500648228 /* ActiveCallView.swift */; };
		96ADA77629932C2200648228 /* PhoneView.swift in Sources */ = {isa = PBXBuildFile; fileRef = 96ADA77529932C2100648228 /* PhoneView.swift */; };
		96ADA77829932C3E00648228 /* SettingsView.swift in Sources */ = {isa = PBXBuildFile; fileRef = 96ADA77729932C3E00648228 /* SettingsView.swift */; };
		96ADA7862997016D00648228 /* sampleMessages.json in Resources */ = {isa = PBXBuildFile; fileRef = 96ADA7852997016D00648228 /* sampleMessages.json */; };
		96ADA788299701FE00648228 /* Message.swift in Sources */ = {isa = PBXBuildFile; fileRef = 96ADA787299701FD00648228 /* Message.swift */; };
		96ADA78B2997040300648228 /* MessageData.swift in Sources */ = {isa = PBXBuildFile; fileRef = 96ADA78A2997040300648228 /* MessageData.swift */; };
		96ADA78D2997045000648228 /* MessageBubble.swift in Sources */ = {isa = PBXBuildFile; fileRef = 96ADA78C2997045000648228 /* MessageBubble.swift */; };
		96ADA78F29970B7D00648228 /* MessageList.swift in Sources */ = {isa = PBXBuildFile; fileRef = 96ADA78E29970B7D00648228 /* MessageList.swift */; };
		96AEF5132997F74300596470 /* sampleContacts.json in Resources */ = {isa = PBXBuildFile; fileRef = 96AEF5122997F74300596470 /* sampleContacts.json */; };
		96AEF5172997F7A900596470 /* FetchContacts.swift in Sources */ = {isa = PBXBuildFile; fileRef = 96AEF5162997F7A900596470 /* FetchContacts.swift */; };
		96AEF5192997F7EB00596470 /* ContactRow.swift in Sources */ = {isa = PBXBuildFile; fileRef = 96AEF5182997F7EB00596470 /* ContactRow.swift */; };
		96AEF51B2997F82400596470 /* LoadSampleContacts.swift in Sources */ = {isa = PBXBuildFile; fileRef = 96AEF51A2997F82400596470 /* LoadSampleContacts.swift */; };
		96AEF51E2997F89A00596470 /* Contact.swift in Sources */ = {isa = PBXBuildFile; fileRef = 96AEF51D2997F89A00596470 /* Contact.swift */; };
		96AEF5202997FF0300596470 /* ContactDetails.swift in Sources */ = {isa = PBXBuildFile; fileRef = 96AEF51F2997FF0300596470 /* ContactDetails.swift */; };
		96AEF52229981EF100596470 /* CallInput.swift in Sources */ = {isa = PBXBuildFile; fileRef = 96AEF52129981EF100596470 /* CallInput.swift */; };
		96AEF5B42998647100596470 /* LoadSampleContacts.swift in Sources */ = {isa = PBXBuildFile; fileRef = 96AEF5252998646C00596470 /* LoadSampleContacts.swift */; };
		96AEF5B52998647200596470 /* MessageData.swift in Sources */ = {isa = PBXBuildFile; fileRef = 96AEF5262998646C00596470 /* MessageData.swift */; };
		96AEF5B72998647200596470 /* ContactRow.swift in Sources */ = {isa = PBXBuildFile; fileRef = 96AEF5282998646D00596470 /* ContactRow.swift */; };
		96AEF5B82998647200596470 /* SoundManager.swift in Sources */ = {isa = PBXBuildFile; fileRef = 96AEF52A2998646D00596470 /* SoundManager.swift */; };
		96AEF5B92998647200596470 /* CallManager.swift in Sources */ = {isa = PBXBuildFile; fileRef = 96AEF52B2998646D00596470 /* CallManager.swift */; };
		96AEF5BA2998647200596470 /* Call.swift in Sources */ = {isa = PBXBuildFile; fileRef = 96AEF52C2998646D00596470 /* Call.swift */; };
		96AEF5BB2998647200596470 /* CallInput.swift in Sources */ = {isa = PBXBuildFile; fileRef = 96AEF52D2998646D00596470 /* CallInput.swift */; };
		96AEF5BD2998647200596470 /* sampleContacts.json in Resources */ = {isa = PBXBuildFile; fileRef = 96AEF5312998646E00596470 /* sampleContacts.json */; };
		96AEF5BE2998647200596470 /* sampleMessages.json in Resources */ = {isa = PBXBuildFile; fileRef = 96AEF5322998646E00596470 /* sampleMessages.json */; };
		96AEF5FF2998647200596470 /* ContactDetails.swift in Sources */ = {isa = PBXBuildFile; fileRef = 96AEF5A92998646F00596470 /* ContactDetails.swift */; };
		96AEF6002998647200596470 /* MessageBubble.swift in Sources */ = {isa = PBXBuildFile; fileRef = 96AEF5AA2998646F00596470 /* MessageBubble.swift */; };
		96AEF6012998647200596470 /* Podfile.lock in Resources */ = {isa = PBXBuildFile; fileRef = 96AEF5AB2998646F00596470 /* Podfile.lock */; };
		96AEF6022998647200596470 /* MessageList.swift in Sources */ = {isa = PBXBuildFile; fileRef = 96AEF5AC2998647000596470 /* MessageList.swift */; };
		96AEF6032998647200596470 /* Item.swift in Sources */ = {isa = PBXBuildFile; fileRef = 96AEF5AE2998647100596470 /* Item.swift */; };
		96AEF6042998647200596470 /* Message.swift in Sources */ = {isa = PBXBuildFile; fileRef = 96AEF5AF2998647100596470 /* Message.swift */; };
		96AEF6052998647200596470 /* FetchContacts.swift in Sources */ = {isa = PBXBuildFile; fileRef = 96AEF5B02998647100596470 /* FetchContacts.swift */; };
		96AEF6062998647200596470 /* Response.swift in Sources */ = {isa = PBXBuildFile; fileRef = 96AEF5B12998647100596470 /* Response.swift */; };
		96AEF6072998647200596470 /* Contact.swift in Sources */ = {isa = PBXBuildFile; fileRef = 96AEF5B22998647100596470 /* Contact.swift */; };

/* End PBXBuildFile section */

/* Begin PBXFileReference section */
		0CDEF3182996B2CC00649279 /* Podfile */ = {isa = PBXFileReference; lastKnownFileType = text; path = Podfile; sourceTree = "<group>"; xcLanguageSpecificationIdentifier = xcode.lang.ruby; };
		0CDEF3212996B39400649279 /* Config.swift */ = {isa = PBXFileReference; lastKnownFileType = sourcecode.swift; path = Config.swift; sourceTree = "<group>"; };
		326D59B3930DF831334736A1 /* Pods-TextTalk.release.xcconfig */ = {isa = PBXFileReference; includeInIndex = 1; lastKnownFileType = text.xcconfig; name = "Pods-TextTalk.release.xcconfig"; path = "Target Support Files/Pods-TextTalk/Pods-TextTalk.release.xcconfig"; sourceTree = "<group>"; };
		4265D83F51229F729CC73004 /* Pods_TextTalk.framework */ = {isa = PBXFileReference; explicitFileType = wrapper.framework; includeInIndex = 0; path = Pods_TextTalk.framework; sourceTree = BUILT_PRODUCTS_DIR; };
		45ECD222A313604FE1311C07 /* Pods-TextTalk.debug.xcconfig */ = {isa = PBXFileReference; includeInIndex = 1; lastKnownFileType = text.xcconfig; name = "Pods-TextTalk.debug.xcconfig"; path = "Target Support Files/Pods-TextTalk/Pods-TextTalk.debug.xcconfig"; sourceTree = "<group>"; };
		96ADA74F2991BA0600648228 /* TextTalk.app */ = {isa = PBXFileReference; explicitFileType = wrapper.application; includeInIndex = 0; path = TextTalk.app; sourceTree = BUILT_PRODUCTS_DIR; };
		96ADA7522991BA0600648228 /* TextTalkApp.swift */ = {isa = PBXFileReference; lastKnownFileType = sourcecode.swift; path = TextTalkApp.swift; sourceTree = "<group>"; };
		96ADA7542991BA0600648228 /* ContentView.swift */ = {isa = PBXFileReference; lastKnownFileType = sourcecode.swift; path = ContentView.swift; sourceTree = "<group>"; };
		96ADA7562991BA0A00648228 /* Assets.xcassets */ = {isa = PBXFileReference; lastKnownFileType = folder.assetcatalog; path = Assets.xcassets; sourceTree = "<group>"; };
		96ADA7592991BA0A00648228 /* Preview Assets.xcassets */ = {isa = PBXFileReference; lastKnownFileType = folder.assetcatalog; path = "Preview Assets.xcassets"; sourceTree = "<group>"; };
		96ADA76F299329A800648228 /* ContactsView.swift */ = {isa = PBXFileReference; lastKnownFileType = sourcecode.swift; path = ContactsView.swift; sourceTree = "<group>"; };
		96ADA773299329E500648228 /* ActiveCallView.swift */ = {isa = PBXFileReference; lastKnownFileType = sourcecode.swift; path = ActiveCallView.swift; sourceTree = "<group>"; };
		96ADA77529932C2100648228 /* PhoneView.swift */ = {isa = PBXFileReference; lastKnownFileType = sourcecode.swift; path = PhoneView.swift; sourceTree = "<group>"; };
		96ADA77729932C3E00648228 /* SettingsView.swift */ = {isa = PBXFileReference; lastKnownFileType = sourcecode.swift; path = SettingsView.swift; sourceTree = "<group>"; };
		96ADA7852997016D00648228 /* sampleMessages.json */ = {isa = PBXFileReference; fileEncoding = 4; lastKnownFileType = text.json; path = sampleMessages.json; sourceTree = "<group>"; };
		96ADA787299701FD00648228 /* Message.swift */ = {isa = PBXFileReference; lastKnownFileType = sourcecode.swift; path = Message.swift; sourceTree = "<group>"; };
		96ADA78A2997040300648228 /* MessageData.swift */ = {isa = PBXFileReference; lastKnownFileType = sourcecode.swift; path = MessageData.swift; sourceTree = "<group>"; };
		96ADA78C2997045000648228 /* MessageBubble.swift */ = {isa = PBXFileReference; lastKnownFileType = sourcecode.swift; path = MessageBubble.swift; sourceTree = "<group>"; };
		96ADA78E29970B7D00648228 /* MessageList.swift */ = {isa = PBXFileReference; lastKnownFileType = sourcecode.swift; path = MessageList.swift; sourceTree = "<group>"; };
		96AEF5122997F74300596470 /* sampleContacts.json */ = {isa = PBXFileReference; fileEncoding = 4; lastKnownFileType = text.json; path = sampleContacts.json; sourceTree = "<group>"; };
		96AEF5162997F7A900596470 /* FetchContacts.swift */ = {isa = PBXFileReference; lastKnownFileType = sourcecode.swift; path = FetchContacts.swift; sourceTree = "<group>"; };
		96AEF5182997F7EB00596470 /* ContactRow.swift */ = {isa = PBXFileReference; lastKnownFileType = sourcecode.swift; path = ContactRow.swift; sourceTree = "<group>"; };
		96AEF51A2997F82400596470 /* LoadSampleContacts.swift */ = {isa = PBXFileReference; lastKnownFileType = sourcecode.swift; path = LoadSampleContacts.swift; sourceTree = "<group>"; };
		96AEF51D2997F89A00596470 /* Contact.swift */ = {isa = PBXFileReference; lastKnownFileType = sourcecode.swift; path = Contact.swift; sourceTree = "<group>"; };
		96AEF51F2997FF0300596470 /* ContactDetails.swift */ = {isa = PBXFileReference; lastKnownFileType = sourcecode.swift; path = ContactDetails.swift; sourceTree = "<group>"; };
		96AEF52129981EF100596470 /* CallInput.swift */ = {isa = PBXFileReference; lastKnownFileType = sourcecode.swift; path = CallInput.swift; sourceTree = "<group>"; };
		96AEF5252998646C00596470 /* LoadSampleContacts.swift */ = {isa = PBXFileReference; fileEncoding = 4; lastKnownFileType = sourcecode.swift; path = LoadSampleContacts.swift; sourceTree = "<group>"; };
		96AEF5262998646C00596470 /* MessageData.swift */ = {isa = PBXFileReference; fileEncoding = 4; lastKnownFileType = sourcecode.swift; path = MessageData.swift; sourceTree = "<group>"; };
		96AEF5282998646D00596470 /* ContactRow.swift */ = {isa = PBXFileReference; fileEncoding = 4; lastKnownFileType = sourcecode.swift; path = ContactRow.swift; sourceTree = "<group>"; };
		96AEF52A2998646D00596470 /* SoundManager.swift */ = {isa = PBXFileReference; fileEncoding = 4; lastKnownFileType = sourcecode.swift; path = SoundManager.swift; sourceTree = "<group>"; };
		96AEF52B2998646D00596470 /* CallManager.swift */ = {isa = PBXFileReference; fileEncoding = 4; lastKnownFileType = sourcecode.swift; path = CallManager.swift; sourceTree = "<group>"; };
		96AEF52C2998646D00596470 /* Call.swift */ = {isa = PBXFileReference; fileEncoding = 4; lastKnownFileType = sourcecode.swift; path = Call.swift; sourceTree = "<group>"; };
		96AEF52D2998646D00596470 /* CallInput.swift */ = {isa = PBXFileReference; fileEncoding = 4; lastKnownFileType = sourcecode.swift; path = CallInput.swift; sourceTree = "<group>"; };
		96AEF5312998646E00596470 /* sampleContacts.json */ = {isa = PBXFileReference; fileEncoding = 4; lastKnownFileType = text.json; path = sampleContacts.json; sourceTree = "<group>"; };
		96AEF5322998646E00596470 /* sampleMessages.json */ = {isa = PBXFileReference; fileEncoding = 4; lastKnownFileType = text.json; path = sampleMessages.json; sourceTree = "<group>"; };
		96AEF5A92998646F00596470 /* ContactDetails.swift */ = {isa = PBXFileReference; fileEncoding = 4; lastKnownFileType = sourcecode.swift; path = ContactDetails.swift; sourceTree = "<group>"; };
		96AEF5AA2998646F00596470 /* MessageBubble.swift */ = {isa = PBXFileReference; fileEncoding = 4; lastKnownFileType = sourcecode.swift; path = MessageBubble.swift; sourceTree = "<group>"; };
		96AEF5AB2998646F00596470 /* Podfile.lock */ = {isa = PBXFileReference; fileEncoding = 4; lastKnownFileType = text; path = Podfile.lock; sourceTree = "<group>"; };
		96AEF5AC2998647000596470 /* MessageList.swift */ = {isa = PBXFileReference; fileEncoding = 4; lastKnownFileType = sourcecode.swift; path = MessageList.swift; sourceTree = "<group>"; };
		96AEF5AE2998647100596470 /* Item.swift */ = {isa = PBXFileReference; fileEncoding = 4; lastKnownFileType = sourcecode.swift; path = Item.swift; sourceTree = "<group>"; };
		96AEF5AF2998647100596470 /* Message.swift */ = {isa = PBXFileReference; fileEncoding = 4; lastKnownFileType = sourcecode.swift; path = Message.swift; sourceTree = "<group>"; };
		96AEF5B02998647100596470 /* FetchContacts.swift */ = {isa = PBXFileReference; fileEncoding = 4; lastKnownFileType = sourcecode.swift; path = FetchContacts.swift; sourceTree = "<group>"; };
		96AEF5B12998647100596470 /* Response.swift */ = {isa = PBXFileReference; fileEncoding = 4; lastKnownFileType = sourcecode.swift; path = Response.swift; sourceTree = "<group>"; };
		96AEF5B22998647100596470 /* Contact.swift */ = {isa = PBXFileReference; fileEncoding = 4; lastKnownFileType = sourcecode.swift; path = Contact.swift; sourceTree = "<group>"; };
/* End PBXFileReference section */

/* Begin PBXFrameworksBuildPhase section */
		96ADA74C2991BA0600648228 /* Frameworks */ = {
			isa = PBXFrameworksBuildPhase;
			buildActionMask = 2147483647;
			files = (
				4F51A9E98FFA936151CB71B7 /* Pods_TextTalk.framework in Frameworks */,
			);
			runOnlyForDeploymentPostprocessing = 0;
		};
/* End PBXFrameworksBuildPhase section */

/* Begin PBXGroup section */
		96ADA7462991BA0600648228 = {
			isa = PBXGroup;
			children = (
				96ADA7512991BA0600648228 /* TextTalk */,
				96AEF5AB2998646F00596470 /* Podfile.lock */,
				0CDEF3182996B2CC00649279 /* Podfile */,
				DB080873ACAF7BD8C67151E6 /* Pods */,
				AD8CFA27DC2D0C43C31ECEEC /* Frameworks */,
			);
			sourceTree = "<group>";
		};
		96ADA7502991BA0600648228 /* Products */ = {
			isa = PBXGroup;
			children = (
				96ADA74F2991BA0600648228 /* TextTalk.app */,
			);
			name = Products;
			path = ..;
			sourceTree = "<group>";
		};
		96ADA7512991BA0600648228 /* TextTalk */ = {
			isa = PBXGroup;
			children = (
				96AEF5AD2998647100596470 /* Model */,
				96ADA7502991BA0600648228 /* Products */,
				96AEF5292998646D00596470 /* CallKit */,
				96AEF5302998646E00596470 /* Resources */,
				96AEF5242998646C00596470 /* Tests */,
				96AEF60829986C5400596470 /* Views */,
				0CDEF3212996B39400649279 /* Config.swift */,
				96ADA7522991BA0600648228 /* TextTalkApp.swift */,
				96ADA7542991BA0600648228 /* ContentView.swift */,
				96ADA77529932C2100648228 /* PhoneView.swift */,
				96ADA77729932C3E00648228 /* SettingsView.swift */,
				96ADA773299329E500648228 /* ActiveCallView.swift */,
				96AEF52129981EF100596470 /* CallInput.swift */,
				96ADA78C2997045000648228 /* MessageBubble.swift */,
				96ADA78E29970B7D00648228 /* MessageList.swift */,
				96ADA76F299329A800648228 /* ContactsView.swift */,
				96AEF5182997F7EB00596470 /* ContactRow.swift */,
				96AEF51F2997FF0300596470 /* ContactDetails.swift */,
				96ADA7892997020300648228 /* Model */,
				96ADA7562991BA0A00648228 /* Assets.xcassets */,
				96ADA784299700BC00648228 /* Resources */,
				96AEF51C2997F82A00596470 /* Tests */,
				96ADA7582991BA0A00648228 /* Preview Content */,
			);
			path = TextTalk;
			sourceTree = "<group>";
		};
		96ADA7582991BA0A00648228 /* Preview Content */ = {
			isa = PBXGroup;
			children = (
				96ADA7592991BA0A00648228 /* Preview Assets.xcassets */,
			);
			path = "Preview Content";
			sourceTree = "<group>";
		};
		96AEF5242998646C00596470 /* Tests */ = {
			isa = PBXGroup;
			children = (
				96AEF5252998646C00596470 /* LoadSampleContacts.swift */,
				96AEF5262998646C00596470 /* MessageData.swift */,
			);
			path = Tests;
			sourceTree = "<group>";
		};
		96AEF5292998646D00596470 /* CallKit */ = {
			isa = PBXGroup;
			children = (
				96AEF52A2998646D00596470 /* SoundManager.swift */,
				96AEF52B2998646D00596470 /* CallManager.swift */,
				96AEF52C2998646D00596470 /* Call.swift */,
			);
			path = CallKit;
			sourceTree = "<group>";
		};
		96AEF5302998646E00596470 /* Resources */ = {
			isa = PBXGroup;
			children = (
				96AEF5312998646E00596470 /* sampleContacts.json */,
				96AEF5322998646E00596470 /* sampleMessages.json */,
			);
			path = Resources;
			sourceTree = "<group>";
		};
		96AEF5AD2998647100596470 /* Model */ = {
			isa = PBXGroup;
			children = (
				96AEF5AE2998647100596470 /* Item.swift */,
				96AEF5AF2998647100596470 /* Message.swift */,
				96AEF5B02998647100596470 /* FetchContacts.swift */,
				96AEF5B12998647100596470 /* Response.swift */,
				96AEF5B22998647100596470 /* Contact.swift */,
			);
			path = Model;
			sourceTree = "<group>";
		};
		96AEF51C2997F82A00596470 /* Tests */ = {
			isa = PBXGroup;
			children = (
				96ADA78A2997040300648228 /* MessageData.swift */,
				96AEF51A2997F82400596470 /* LoadSampleContacts.swift */,
			);
			path = Tests;
		96AEF60829986C5400596470 /* Views */ = {
			isa = PBXGroup;
			children = (
				96ADA76F299329A800648228 /* ContactsView.swift */,
				96AEF5A92998646F00596470 /* ContactDetails.swift */,
				96AEF5282998646D00596470 /* ContactRow.swift */,
				96ADA7542991BA0600648228 /* ContentView.swift */,
				96ADA77529932C2100648228 /* PhoneView.swift */,
				96ADA77729932C3E00648228 /* SettingsView.swift */,
				96AEF52D2998646D00596470 /* CallInput.swift */,
				96AEF5AC2998647000596470 /* MessageList.swift */,
				96AEF5AA2998646F00596470 /* MessageBubble.swift */,
				96ADA773299329E500648228 /* ActiveCallView.swift */,
			);
			path = Views;
			sourceTree = "<group>";
		};
		AD8CFA27DC2D0C43C31ECEEC /* Frameworks */ = {
			isa = PBXGroup;
			children = (
				4265D83F51229F729CC73004 /* Pods_TextTalk.framework */,
			);
			name = Frameworks;
			sourceTree = "<group>";
		};
		DB080873ACAF7BD8C67151E6 /* Pods */ = {
			isa = PBXGroup;
			children = (
				45ECD222A313604FE1311C07 /* Pods-TextTalk.debug.xcconfig */,
				326D59B3930DF831334736A1 /* Pods-TextTalk.release.xcconfig */,
			);
			path = Pods;
			sourceTree = "<group>";
		};
/* End PBXGroup section */

/* Begin PBXNativeTarget section */
		96ADA74E2991BA0600648228 /* TextTalk */ = {
			isa = PBXNativeTarget;
			buildConfigurationList = 96ADA75D2991BA0A00648228 /* Build configuration list for PBXNativeTarget "TextTalk" */;
			buildPhases = (
				467F8CFB40F6E748A1682655 /* [CP] Check Pods Manifest.lock */,
				96ADA74B2991BA0600648228 /* Sources */,
				96ADA74C2991BA0600648228 /* Frameworks */,
				96ADA74D2991BA0600648228 /* Resources */,
				2708020F189B707285D233CC /* [CP] Embed Pods Frameworks */,
			);
			buildRules = (
			);
			dependencies = (
			);
			name = TextTalk;
			productName = TextTalk;
			productReference = 96ADA74F2991BA0600648228 /* TextTalk.app */;
			productType = "com.apple.product-type.application";
		};
/* End PBXNativeTarget section */

/* Begin PBXProject section */
		96ADA7472991BA0600648228 /* Project object */ = {
			isa = PBXProject;
			attributes = {
				BuildIndependentTargetsInParallel = 1;
				LastSwiftUpdateCheck = 1340;
				LastUpgradeCheck = 1340;
				TargetAttributes = {
					96ADA74E2991BA0600648228 = {
						CreatedOnToolsVersion = 13.4.1;
					};
				};
			};
			buildConfigurationList = 96ADA74A2991BA0600648228 /* Build configuration list for PBXProject "TextTalk" */;
			compatibilityVersion = "Xcode 13.0";
			developmentRegion = en;
			hasScannedForEncodings = 0;
			knownRegions = (
				en,
				Base,
			);
			mainGroup = 96ADA7462991BA0600648228;
			productRefGroup = 96ADA7502991BA0600648228 /* Products */;
			projectDirPath = "";
			projectRoot = "";
			targets = (
				96ADA74E2991BA0600648228 /* TextTalk */,
			);
		};
/* End PBXProject section */

/* Begin PBXResourcesBuildPhase section */
		96ADA74D2991BA0600648228 /* Resources */ = {
			isa = PBXResourcesBuildPhase;
			buildActionMask = 2147483647;
			files = (
				96AEF5BE2998647200596470 /* sampleMessages.json in Resources */,
				96AEF5BD2998647200596470 /* sampleContacts.json in Resources */,
				96AEF6012998647200596470 /* Podfile.lock in Resources */,
				0CDEF3192996B2CC00649279 /* Podfile in Resources */,
				96ADA75A2991BA0A00648228 /* Preview Assets.xcassets in Resources */,
				96ADA7862997016D00648228 /* sampleMessages.json in Resources */,
				96ADA7572991BA0A00648228 /* Assets.xcassets in Resources */,
			);
			runOnlyForDeploymentPostprocessing = 0;
		};
/* End PBXResourcesBuildPhase section */

/* Begin PBXShellScriptBuildPhase section */
		2708020F189B707285D233CC /* [CP] Embed Pods Frameworks */ = {
			isa = PBXShellScriptBuildPhase;
			buildActionMask = 2147483647;
			files = (
			);
			inputFileListPaths = (
				"${PODS_ROOT}/Target Support Files/Pods-TextTalk/Pods-TextTalk-frameworks-${CONFIGURATION}-input-files.xcfilelist",
			);
			name = "[CP] Embed Pods Frameworks";
			outputFileListPaths = (
				"${PODS_ROOT}/Target Support Files/Pods-TextTalk/Pods-TextTalk-frameworks-${CONFIGURATION}-output-files.xcfilelist",
			);
			runOnlyForDeploymentPostprocessing = 0;
			shellPath = /bin/sh;
			shellScript = "\"${PODS_ROOT}/Target Support Files/Pods-TextTalk/Pods-TextTalk-frameworks.sh\"\n";
			showEnvVarsInLog = 0;
		};
		467F8CFB40F6E748A1682655 /* [CP] Check Pods Manifest.lock */ = {
			isa = PBXShellScriptBuildPhase;
			buildActionMask = 2147483647;
			files = (
			);
			inputFileListPaths = (
			);
			inputPaths = (
				"${PODS_PODFILE_DIR_PATH}/Podfile.lock",
				"${PODS_ROOT}/Manifest.lock",
			);
			name = "[CP] Check Pods Manifest.lock";
			outputFileListPaths = (
			);
			outputPaths = (
				"$(DERIVED_FILE_DIR)/Pods-TextTalk-checkManifestLockResult.txt",
			);
			runOnlyForDeploymentPostprocessing = 0;
			shellPath = /bin/sh;
			shellScript = "diff \"${PODS_PODFILE_DIR_PATH}/Podfile.lock\" \"${PODS_ROOT}/Manifest.lock\" > /dev/null\nif [ $? != 0 ] ; then\n    # print error to STDERR\n    echo \"error: The sandbox is not in sync with the Podfile.lock. Run 'pod install' or update your CocoaPods installation.\" >&2\n    exit 1\nfi\n# This output is used by Xcode 'outputs' to avoid re-running this script phase.\necho \"SUCCESS\" > \"${SCRIPT_OUTPUT_FILE_0}\"\n";
			showEnvVarsInLog = 0;
		};
/* End PBXShellScriptBuildPhase section */

/* Begin PBXSourcesBuildPhase section */
		96ADA74B2991BA0600648228 /* Sources */ = {
			isa = PBXSourcesBuildPhase;
			buildActionMask = 2147483647;
			files = (
				96ADA770299329A800648228 /* ContactsView.swift in Sources */,
				96AEF5202997FF0300596470 /* ContactDetails.swift in Sources */,
				96AEF6062998647200596470 /* Response.swift in Sources */,
				96ADA77629932C2200648228 /* PhoneView.swift in Sources */,
				96AEF6022998647200596470 /* MessageList.swift in Sources */,
				96AEF5BB2998647200596470 /* CallInput.swift in Sources */,
				96AEF5BA2998647200596470 /* Call.swift in Sources */,
				96ADA7552991BA0600648228 /* ContentView.swift in Sources */,
				96ADA78B2997040300648228 /* MessageData.swift in Sources */,
				96AEF51B2997F82400596470 /* LoadSampleContacts.swift in Sources */,
				96AEF52229981EF100596470 /* CallInput.swift in Sources */,
				96ADA78D2997045000648228 /* MessageBubble.swift in Sources */,
				96AEF51E2997F89A00596470 /* Contact.swift in Sources */,
				96AEF5172997F7A900596470 /* FetchContacts.swift in Sources */,
				96ADA78F29970B7D00648228 /* MessageList.swift in Sources */,
				96AEF5FF2998647200596470 /* ContactDetails.swift in Sources */,
				96ADA77829932C3E00648228 /* SettingsView.swift in Sources */,
				96AEF5B42998647100596470 /* LoadSampleContacts.swift in Sources */,
				96ADA774299329E500648228 /* ActiveCallView.swift in Sources */,
				96AEF6072998647200596470 /* Contact.swift in Sources */,
				96AEF5B52998647200596470 /* MessageData.swift in Sources */,
				96AEF6042998647200596470 /* Message.swift in Sources */,
				96AEF6002998647200596470 /* MessageBubble.swift in Sources */,
				0CDEF3222996B39400649279 /* Config.swift in Sources */,
				96AEF6052998647200596470 /* FetchContacts.swift in Sources */,
				96ADA7532991BA0600648228 /* TextTalkApp.swift in Sources */,
				96ADA788299701FE00648228 /* Message.swift in Sources */,
				96AEF5192997F7EB00596470 /* ContactRow.swift in Sources */,
				96AEF5B92998647200596470 /* CallManager.swift in Sources */,
				96AEF5B72998647200596470 /* ContactRow.swift in Sources */,
				96AEF5B82998647200596470 /* SoundManager.swift in Sources */,
				96AEF6032998647200596470 /* Item.swift in Sources */,
			);
			runOnlyForDeploymentPostprocessing = 0;
		};
/* End PBXSourcesBuildPhase section */

/* Begin XCBuildConfiguration section */
		96ADA75B2991BA0A00648228 /* Debug */ = {
			isa = XCBuildConfiguration;
			buildSettings = {
				ALWAYS_SEARCH_USER_PATHS = NO;
				CLANG_ANALYZER_NONNULL = YES;
				CLANG_ANALYZER_NUMBER_OBJECT_CONVERSION = YES_AGGRESSIVE;
				CLANG_CXX_LANGUAGE_STANDARD = "gnu++17";
				CLANG_ENABLE_MODULES = YES;
				CLANG_ENABLE_OBJC_ARC = YES;
				CLANG_ENABLE_OBJC_WEAK = YES;
				CLANG_WARN_BLOCK_CAPTURE_AUTORELEASING = YES;
				CLANG_WARN_BOOL_CONVERSION = YES;
				CLANG_WARN_COMMA = YES;
				CLANG_WARN_CONSTANT_CONVERSION = YES;
				CLANG_WARN_DEPRECATED_OBJC_IMPLEMENTATIONS = YES;
				CLANG_WARN_DIRECT_OBJC_ISA_USAGE = YES_ERROR;
				CLANG_WARN_DOCUMENTATION_COMMENTS = YES;
				CLANG_WARN_EMPTY_BODY = YES;
				CLANG_WARN_ENUM_CONVERSION = YES;
				CLANG_WARN_INFINITE_RECURSION = YES;
				CLANG_WARN_INT_CONVERSION = YES;
				CLANG_WARN_NON_LITERAL_NULL_CONVERSION = YES;
				CLANG_WARN_OBJC_IMPLICIT_RETAIN_SELF = YES;
				CLANG_WARN_OBJC_LITERAL_CONVERSION = YES;
				CLANG_WARN_OBJC_ROOT_CLASS = YES_ERROR;
				CLANG_WARN_QUOTED_INCLUDE_IN_FRAMEWORK_HEADER = YES;
				CLANG_WARN_RANGE_LOOP_ANALYSIS = YES;
				CLANG_WARN_STRICT_PROTOTYPES = YES;
				CLANG_WARN_SUSPICIOUS_MOVE = YES;
				CLANG_WARN_UNGUARDED_AVAILABILITY = YES_AGGRESSIVE;
				CLANG_WARN_UNREACHABLE_CODE = YES;
				CLANG_WARN__DUPLICATE_METHOD_MATCH = YES;
				COPY_PHASE_STRIP = NO;
				DEBUG_INFORMATION_FORMAT = dwarf;
				ENABLE_STRICT_OBJC_MSGSEND = YES;
				ENABLE_TESTABILITY = YES;
				GCC_C_LANGUAGE_STANDARD = gnu11;
				GCC_DYNAMIC_NO_PIC = NO;
				GCC_NO_COMMON_BLOCKS = YES;
				GCC_OPTIMIZATION_LEVEL = 0;
				GCC_PREPROCESSOR_DEFINITIONS = (
					"DEBUG=1",
					"$(inherited)",
				);
				GCC_WARN_64_TO_32_BIT_CONVERSION = YES;
				GCC_WARN_ABOUT_RETURN_TYPE = YES_ERROR;
				GCC_WARN_UNDECLARED_SELECTOR = YES;
				GCC_WARN_UNINITIALIZED_AUTOS = YES_AGGRESSIVE;
				GCC_WARN_UNUSED_FUNCTION = YES;
				GCC_WARN_UNUSED_VARIABLE = YES;
				IPHONEOS_DEPLOYMENT_TARGET = 15.5;
				MTL_ENABLE_DEBUG_INFO = INCLUDE_SOURCE;
				MTL_FAST_MATH = YES;
				ONLY_ACTIVE_ARCH = YES;
				SDKROOT = iphoneos;
				SWIFT_ACTIVE_COMPILATION_CONDITIONS = DEBUG;
				SWIFT_OPTIMIZATION_LEVEL = "-Onone";
			};
			name = Debug;
		};
		96ADA75C2991BA0A00648228 /* Release */ = {
			isa = XCBuildConfiguration;
			buildSettings = {
				ALWAYS_SEARCH_USER_PATHS = NO;
				CLANG_ANALYZER_NONNULL = YES;
				CLANG_ANALYZER_NUMBER_OBJECT_CONVERSION = YES_AGGRESSIVE;
				CLANG_CXX_LANGUAGE_STANDARD = "gnu++17";
				CLANG_ENABLE_MODULES = YES;
				CLANG_ENABLE_OBJC_ARC = YES;
				CLANG_ENABLE_OBJC_WEAK = YES;
				CLANG_WARN_BLOCK_CAPTURE_AUTORELEASING = YES;
				CLANG_WARN_BOOL_CONVERSION = YES;
				CLANG_WARN_COMMA = YES;
				CLANG_WARN_CONSTANT_CONVERSION = YES;
				CLANG_WARN_DEPRECATED_OBJC_IMPLEMENTATIONS = YES;
				CLANG_WARN_DIRECT_OBJC_ISA_USAGE = YES_ERROR;
				CLANG_WARN_DOCUMENTATION_COMMENTS = YES;
				CLANG_WARN_EMPTY_BODY = YES;
				CLANG_WARN_ENUM_CONVERSION = YES;
				CLANG_WARN_INFINITE_RECURSION = YES;
				CLANG_WARN_INT_CONVERSION = YES;
				CLANG_WARN_NON_LITERAL_NULL_CONVERSION = YES;
				CLANG_WARN_OBJC_IMPLICIT_RETAIN_SELF = YES;
				CLANG_WARN_OBJC_LITERAL_CONVERSION = YES;
				CLANG_WARN_OBJC_ROOT_CLASS = YES_ERROR;
				CLANG_WARN_QUOTED_INCLUDE_IN_FRAMEWORK_HEADER = YES;
				CLANG_WARN_RANGE_LOOP_ANALYSIS = YES;
				CLANG_WARN_STRICT_PROTOTYPES = YES;
				CLANG_WARN_SUSPICIOUS_MOVE = YES;
				CLANG_WARN_UNGUARDED_AVAILABILITY = YES_AGGRESSIVE;
				CLANG_WARN_UNREACHABLE_CODE = YES;
				CLANG_WARN__DUPLICATE_METHOD_MATCH = YES;
				COPY_PHASE_STRIP = NO;
				DEBUG_INFORMATION_FORMAT = "dwarf-with-dsym";
				ENABLE_NS_ASSERTIONS = NO;
				ENABLE_STRICT_OBJC_MSGSEND = YES;
				GCC_C_LANGUAGE_STANDARD = gnu11;
				GCC_NO_COMMON_BLOCKS = YES;
				GCC_WARN_64_TO_32_BIT_CONVERSION = YES;
				GCC_WARN_ABOUT_RETURN_TYPE = YES_ERROR;
				GCC_WARN_UNDECLARED_SELECTOR = YES;
				GCC_WARN_UNINITIALIZED_AUTOS = YES_AGGRESSIVE;
				GCC_WARN_UNUSED_FUNCTION = YES;
				GCC_WARN_UNUSED_VARIABLE = YES;
				IPHONEOS_DEPLOYMENT_TARGET = 15.5;
				MTL_ENABLE_DEBUG_INFO = NO;
				MTL_FAST_MATH = YES;
				SDKROOT = iphoneos;
				SWIFT_COMPILATION_MODE = wholemodule;
				SWIFT_OPTIMIZATION_LEVEL = "-O";
				VALIDATE_PRODUCT = YES;
			};
			name = Release;
		};
		96ADA75E2991BA0A00648228 /* Debug */ = {
			isa = XCBuildConfiguration;
			baseConfigurationReference = 45ECD222A313604FE1311C07 /* Pods-TextTalk.debug.xcconfig */;
			buildSettings = {
				ASSETCATALOG_COMPILER_APPICON_NAME = AppIcon;
				ASSETCATALOG_COMPILER_GLOBAL_ACCENT_COLOR_NAME = AccentColor;
				CODE_SIGN_STYLE = Automatic;
				CURRENT_PROJECT_VERSION = 1;
				DEVELOPMENT_ASSET_PATHS = "\"TextTalk/Preview Content\"";
				DEVELOPMENT_TEAM = W7774CPZM3;
				DEVELOPMENT_TEAM = 42NA62Z94G;

				ENABLE_PREVIEWS = YES;
				FRAMEWORK_SEARCH_PATHS = (
					"$(inherited)",
					"$(PROJECT_DIR)/TextTalk/Pods/WebRTC",
				);
				GENERATE_INFOPLIST_FILE = YES;
				INFOPLIST_KEY_NSContactsUsageDescription = "Uploading your contacts allows you to directly call your contacts from the TextTalk App.";
				INFOPLIST_KEY_UIApplicationSceneManifest_Generation = YES;
				INFOPLIST_KEY_UIApplicationSupportsIndirectInputEvents = YES;
				INFOPLIST_KEY_UILaunchScreen_Generation = YES;
				INFOPLIST_KEY_UISupportedInterfaceOrientations_iPad = "UIInterfaceOrientationPortrait UIInterfaceOrientationPortraitUpsideDown UIInterfaceOrientationLandscapeLeft UIInterfaceOrientationLandscapeRight";
				INFOPLIST_KEY_UISupportedInterfaceOrientations_iPhone = "UIInterfaceOrientationPortrait UIInterfaceOrientationLandscapeLeft UIInterfaceOrientationLandscapeRight";
				LD_RUNPATH_SEARCH_PATHS = (
					"$(inherited)",
					"@executable_path/Frameworks",
				);
				MARKETING_VERSION = 1.0;
				PRODUCT_BUNDLE_IDENTIFIER = com.crysun.TextTalkApp;
				PRODUCT_NAME = "$(TARGET_NAME)";
				SWIFT_EMIT_LOC_STRINGS = YES;
				SWIFT_VERSION = 5.0;
				TARGETED_DEVICE_FAMILY = "1,2";
			};
			name = Debug;
		};
		96ADA75F2991BA0A00648228 /* Release */ = {
			isa = XCBuildConfiguration;
			baseConfigurationReference = 326D59B3930DF831334736A1 /* Pods-TextTalk.release.xcconfig */;
			buildSettings = {
				ASSETCATALOG_COMPILER_APPICON_NAME = AppIcon;
				ASSETCATALOG_COMPILER_GLOBAL_ACCENT_COLOR_NAME = AccentColor;
				CODE_SIGN_STYLE = Automatic;
				CURRENT_PROJECT_VERSION = 1;
				DEVELOPMENT_ASSET_PATHS = "\"TextTalk/Preview Content\"";
				DEVELOPMENT_TEAM = W7774CPZM3;
				DEVELOPMENT_TEAM = 42NA62Z94G;
				ENABLE_PREVIEWS = YES;
				FRAMEWORK_SEARCH_PATHS = (
					"$(inherited)",
					"$(PROJECT_DIR)/TextTalk/Pods/WebRTC",
				);
				GENERATE_INFOPLIST_FILE = YES;
				INFOPLIST_KEY_NSContactsUsageDescription = "Uploading your contacts allows you to directly call your contacts from the TextTalk App.";
				INFOPLIST_KEY_UIApplicationSceneManifest_Generation = YES;
				INFOPLIST_KEY_UIApplicationSupportsIndirectInputEvents = YES;
				INFOPLIST_KEY_UILaunchScreen_Generation = YES;
				INFOPLIST_KEY_UISupportedInterfaceOrientations_iPad = "UIInterfaceOrientationPortrait UIInterfaceOrientationPortraitUpsideDown UIInterfaceOrientationLandscapeLeft UIInterfaceOrientationLandscapeRight";
				INFOPLIST_KEY_UISupportedInterfaceOrientations_iPhone = "UIInterfaceOrientationPortrait UIInterfaceOrientationLandscapeLeft UIInterfaceOrientationLandscapeRight";
				LD_RUNPATH_SEARCH_PATHS = (
					"$(inherited)",
					"@executable_path/Frameworks",
				);
				MARKETING_VERSION = 1.0;
				PRODUCT_BUNDLE_IDENTIFIER = com.crysun.TextTalkApp;
				PRODUCT_NAME = "$(TARGET_NAME)";
				SWIFT_EMIT_LOC_STRINGS = YES;
				SWIFT_VERSION = 5.0;
				TARGETED_DEVICE_FAMILY = "1,2";
			};
			name = Release;
		};
/* End XCBuildConfiguration section */

/* Begin XCConfigurationList section */
		96ADA74A2991BA0600648228 /* Build configuration list for PBXProject "TextTalk" */ = {
			isa = XCConfigurationList;
			buildConfigurations = (
				96ADA75B2991BA0A00648228 /* Debug */,
				96ADA75C2991BA0A00648228 /* Release */,
			);
			defaultConfigurationIsVisible = 0;
			defaultConfigurationName = Release;
		};
		96ADA75D2991BA0A00648228 /* Build configuration list for PBXNativeTarget "TextTalk" */ = {
			isa = XCConfigurationList;
			buildConfigurations = (
				96ADA75E2991BA0A00648228 /* Debug */,
				96ADA75F2991BA0A00648228 /* Release */,
			);
			defaultConfigurationIsVisible = 0;
			defaultConfigurationName = Release;
		};
/* End XCConfigurationList section */
	};
	rootObject = 96ADA7472991BA0600648228 /* Project object */;
}
