{
  "pins" : [
    {
      "identity" : "agoraaudio_ios",
      "kind" : "remoteSourceControl",
      "location" : "https://github.com/AgoraIO/AgoraAudio_iOS.git",
      "state" : {
        "revision" : "c7de90c93b942fe8b195084774b2ee19adebac69",
        "version" : "4.1.1"
      }
    }
  ],
  "version" : 2
}
